
Microsoft Visual Studio Solution File, Format Version 12.00
# Visual Studio 15
VisualStudioVersion = 15.0.28307.572
MinimumVisualStudioVersion = 10.0.40219.1
Project("{8BC9CEB8-8B4A-11D0-8D11-00A0C91BC942}") = "GAME255-LAB5-VS17", "GAME255-LAB5-VS17\GAME255-LAB5-VS17.vcxproj", "{9307AE22-23AA-4FC1-BC8E-A3621A818867}"
EndProject
Global
	GlobalSection(SolutionConfigurationPlatforms) = preSolution
		Debug|x64 = Debug|x64
		Debug|x86 = Debug|x86
		Release|x64 = Release|x64
		Release|x86 = Release|x86
	EndGlobalSection
	GlobalSection(ProjectConfigurationPlatforms) = postSolution
		{9307AE22-23AA-4FC1-BC8E-A3621A818867}.Debug|x64.ActiveCfg = Debug|x64
		{9307AE22-23AA-4FC1-BC8E-A3621A818867}.Debug|x64.Build.0 = Debug|x64
		{9307AE22-23AA-4FC1-BC8E-A3621A818867}.Debug|x86.ActiveCfg = Debug|Win32
		{9307AE22-23AA-4FC1-BC8E-A3621A818867}.Debug|x86.Build.0 = Debug|Win32
		{9307AE22-23AA-4FC1-BC8E-A3621A818867}.Release|x64.ActiveCfg = Release|x64
		{9307AE22-23AA-4FC1-BC8E-A3621A818867}.Release|x64.Build.0 = Release|x64
		{9307AE22-23AA-4FC1-BC8E-A3621A818867}.Release|x86.ActiveCfg = Release|Win32
		{9307AE22-23AA-4FC1-BC8E-A3621A818867}.Release|x86.Build.0 = Release|Win32
	EndGlobalSection
	GlobalSection(SolutionProperties) = preSolution
		HideSolutionNode = FALSE
	EndGlobalSection
	GlobalSection(ExtensibilityGlobals) = postSolution
		SolutionGuid = {499756FC-2036-4BEE-8938-0EB79E173169}
	EndGlobalSection
EndGlobal
